
Microsoft Visual Studio Solution File, Format Version 12.00
# Visual Studio Version 17
VisualStudioVersion = 17.0.32014.148
MinimumVisualStudioVersion = 10.0.40219.1
Project("{FAE04EC0-301F-11D3-BF4B-00C04F79EFBC}") = "ReserveTaPlace", "ReserveTaPlace\ReserveTaPlace.csproj", "{135D7EB2-79FB-4F03-A0BB-2770DAC0CDA0}"
EndProject
Global
	GlobalSection(SolutionConfigurationPlatforms) = preSolution
		Debug|Any CPU = Debug|Any CPU
		Release|Any CPU = Release|Any CPU
	EndGlobalSection
	GlobalSection(ProjectConfigurationPlatforms) = postSolution
		{135D7EB2-79FB-4F03-A0BB-2770DAC0CDA0}.Debug|Any CPU.ActiveCfg = Debug|Any CPU
		{135D7EB2-79FB-4F03-A0BB-2770DAC0CDA0}.Debug|Any CPU.Build.0 = Debug|Any CPU
		{135D7EB2-79FB-4F03-A0BB-2770DAC0CDA0}.Release|Any CPU.ActiveCfg = Release|Any CPU
		{135D7EB2-79FB-4F03-A0BB-2770DAC0CDA0}.Release|Any CPU.Build.0 = Release|Any CPU
	EndGlobalSection
	GlobalSection(SolutionProperties) = preSolution
		HideSolutionNode = FALSE
	EndGlobalSection
	GlobalSection(ExtensibilityGlobals) = postSolution
		SolutionGuid = {2B545597-CE64-4656-967F-1396A29160F3}
	EndGlobalSection
EndGlobal
